
Microsoft Visual Studio Solution File, Format Version 12.00
# Visual Studio Version 17
VisualStudioVersion = 17.7.34024.191
MinimumVisualStudioVersion = 10.0.40219.1
Project("{9A19103F-16F7-4668-BE54-9A1E7A4F7556}") = "EX001", "EX001\EX001.csproj", "{105E5F59-40A4-487E-9D1E-79D301755591}"
EndProject
Project("{9A19103F-16F7-4668-BE54-9A1E7A4F7556}") = "EX002", "EX002\EX002.csproj", "{4267CF0A-0779-4C48-9CC4-7E089E59B32C}"
EndProject
Project("{9A19103F-16F7-4668-BE54-9A1E7A4F7556}") = "EX003", "EX003\EX003.csproj", "{EB1E3F82-2FAD-42D4-9006-CEF867A5C9B5}"
EndProject
Project("{FAE04EC0-301F-11D3-BF4B-00C04F79EFBC}") = "EX004", "EX004\EX004.csproj", "{FBD7200B-CE86-4B1D-BEA4-E27DFA8D0470}"
EndProject
Project("{FAE04EC0-301F-11D3-BF4B-00C04F79EFBC}") = "EX005", "EX005\EX005.csproj", "{5E2555C2-E584-44BE-98F0-9B8392724A9C}"
EndProject
Project("{FAE04EC0-301F-11D3-BF4B-00C04F79EFBC}") = "EX006", "EX006\EX006.csproj", "{64B20E2D-3F11-4C91-8D88-C01281FCFD58}"
EndProject
Project("{FAE04EC0-301F-11D3-BF4B-00C04F79EFBC}") = "EX007", "EX007\EX007.csproj", "{A358BBB4-478D-4669-804D-94746BF722E5}"
EndProject
Project("{FAE04EC0-301F-11D3-BF4B-00C04F79EFBC}") = "EX008", "EX008\EX008.csproj", "{35B181FF-ACE6-447F-B3C7-DA2F5A65D7D4}"
EndProject
Project("{FAE04EC0-301F-11D3-BF4B-00C04F79EFBC}") = "EX009", "EX009\EX009.csproj", "{A851EA5D-6C03-4D4D-B3F4-705CDE8F1601}"
EndProject
Global
	GlobalSection(SolutionConfigurationPlatforms) = preSolution
		Debug|Any CPU = Debug|Any CPU
		Release|Any CPU = Release|Any CPU
	EndGlobalSection
	GlobalSection(ProjectConfigurationPlatforms) = postSolution
		{105E5F59-40A4-487E-9D1E-79D301755591}.Debug|Any CPU.ActiveCfg = Debug|Any CPU
		{105E5F59-40A4-487E-9D1E-79D301755591}.Debug|Any CPU.Build.0 = Debug|Any CPU
		{105E5F59-40A4-487E-9D1E-79D301755591}.Release|Any CPU.ActiveCfg = Release|Any CPU
		{105E5F59-40A4-487E-9D1E-79D301755591}.Release|Any CPU.Build.0 = Release|Any CPU
		{4267CF0A-0779-4C48-9CC4-7E089E59B32C}.Debug|Any CPU.ActiveCfg = Debug|Any CPU
		{4267CF0A-0779-4C48-9CC4-7E089E59B32C}.Debug|Any CPU.Build.0 = Debug|Any CPU
		{4267CF0A-0779-4C48-9CC4-7E089E59B32C}.Release|Any CPU.ActiveCfg = Release|Any CPU
		{4267CF0A-0779-4C48-9CC4-7E089E59B32C}.Release|Any CPU.Build.0 = Release|Any CPU
		{EB1E3F82-2FAD-42D4-9006-CEF867A5C9B5}.Debug|Any CPU.ActiveCfg = Debug|Any CPU
		{EB1E3F82-2FAD-42D4-9006-CEF867A5C9B5}.Debug|Any CPU.Build.0 = Debug|Any CPU
		{EB1E3F82-2FAD-42D4-9006-CEF867A5C9B5}.Release|Any CPU.ActiveCfg = Release|Any CPU
		{EB1E3F82-2FAD-42D4-9006-CEF867A5C9B5}.Release|Any CPU.Build.0 = Release|Any CPU
		{FBD7200B-CE86-4B1D-BEA4-E27DFA8D0470}.Debug|Any CPU.ActiveCfg = Debug|Any CPU
		{FBD7200B-CE86-4B1D-BEA4-E27DFA8D0470}.Debug|Any CPU.Build.0 = Debug|Any CPU
		{FBD7200B-CE86-4B1D-BEA4-E27DFA8D0470}.Release|Any CPU.ActiveCfg = Release|Any CPU
		{FBD7200B-CE86-4B1D-BEA4-E27DFA8D0470}.Release|Any CPU.Build.0 = Release|Any CPU
		{5E2555C2-E584-44BE-98F0-9B8392724A9C}.Debug|Any CPU.ActiveCfg = Debug|Any CPU
		{5E2555C2-E584-44BE-98F0-9B8392724A9C}.Debug|Any CPU.Build.0 = Debug|Any CPU
		{5E2555C2-E584-44BE-98F0-9B8392724A9C}.Release|Any CPU.ActiveCfg = Release|Any CPU
		{5E2555C2-E584-44BE-98F0-9B8392724A9C}.Release|Any CPU.Build.0 = Release|Any CPU
		{64B20E2D-3F11-4C91-8D88-C01281FCFD58}.Debug|Any CPU.ActiveCfg = Debug|Any CPU
		{64B20E2D-3F11-4C91-8D88-C01281FCFD58}.Debug|Any CPU.Build.0 = Debug|Any CPU
		{64B20E2D-3F11-4C91-8D88-C01281FCFD58}.Release|Any CPU.ActiveCfg = Release|Any CPU
		{64B20E2D-3F11-4C91-8D88-C01281FCFD58}.Release|Any CPU.Build.0 = Release|Any CPU
		{A358BBB4-478D-4669-804D-94746BF722E5}.Debug|Any CPU.ActiveCfg = Debug|Any CPU
		{A358BBB4-478D-4669-804D-94746BF722E5}.Debug|Any CPU.Build.0 = Debug|Any CPU
		{A358BBB4-478D-4669-804D-94746BF722E5}.Release|Any CPU.ActiveCfg = Release|Any CPU
		{A358BBB4-478D-4669-804D-94746BF722E5}.Release|Any CPU.Build.0 = Release|Any CPU
		{35B181FF-ACE6-447F-B3C7-DA2F5A65D7D4}.Debug|Any CPU.ActiveCfg = Debug|Any CPU
		{35B181FF-ACE6-447F-B3C7-DA2F5A65D7D4}.Debug|Any CPU.Build.0 = Debug|Any CPU
		{35B181FF-ACE6-447F-B3C7-DA2F5A65D7D4}.Release|Any CPU.ActiveCfg = Release|Any CPU
		{35B181FF-ACE6-447F-B3C7-DA2F5A65D7D4}.Release|Any CPU.Build.0 = Release|Any CPU
		{A851EA5D-6C03-4D4D-B3F4-705CDE8F1601}.Debug|Any CPU.ActiveCfg = Debug|Any CPU
		{A851EA5D-6C03-4D4D-B3F4-705CDE8F1601}.Debug|Any CPU.Build.0 = Debug|Any CPU
		{A851EA5D-6C03-4D4D-B3F4-705CDE8F1601}.Release|Any CPU.ActiveCfg = Release|Any CPU
		{A851EA5D-6C03-4D4D-B3F4-705CDE8F1601}.Release|Any CPU.Build.0 = Release|Any CPU
	EndGlobalSection
	GlobalSection(SolutionProperties) = preSolution
		HideSolutionNode = FALSE
	EndGlobalSection
	GlobalSection(ExtensibilityGlobals) = postSolution
		SolutionGuid = {EB706FE1-5222-48C9-BCB7-83A0267AB801}
	EndGlobalSection
EndGlobal
