
Microsoft Visual Studio Solution File, Format Version 12.00
# Visual Studio Version 17
VisualStudioVersion = 17.7.34024.191
MinimumVisualStudioVersion = 10.0.40219.1
Project("{9A19103F-16F7-4668-BE54-9A1E7A4F7556}") = "M01A02E", "M01A02E\M01A02E.csproj", "{5066D7B7-374F-4C36-B051-00FC24C354F0}"
EndProject
Project("{9A19103F-16F7-4668-BE54-9A1E7A4F7556}") = "M01A02A", "M01A02A\M01A02A.csproj", "{EB0EA311-4D5B-4A98-BB4D-6A8818636650}"
EndProject
Project("{9A19103F-16F7-4668-BE54-9A1E7A4F7556}") = "M01A02B", "M01A02B\M01A02B.csproj", "{5C8E2306-7081-4D0E-8998-4D5A6B29D5FF}"
EndProject
Project("{9A19103F-16F7-4668-BE54-9A1E7A4F7556}") = "M01A02C", "M01A02C\M01A02C.csproj", "{A1AA2F12-8CE1-4D2C-8E31-4EEE2BCEBAAA}"
EndProject
Project("{9A19103F-16F7-4668-BE54-9A1E7A4F7556}") = "M01A02D", "M01A02D\M01A02D.csproj", "{E157009C-BEB5-4D68-BF14-D37BEAA7A7F8}"
EndProject
Project("{9A19103F-16F7-4668-BE54-9A1E7A4F7556}") = "M01A03", "M01A03\M01A03.csproj", "{AE2D9F4F-C280-46E1-89DC-AFD75D823E57}"
EndProject
Project("{9A19103F-16F7-4668-BE54-9A1E7A4F7556}") = "M01A04", "M01A04\M01A04.csproj", "{AD9736A9-54C0-4274-BDA4-3DCAFC9C4961}"
EndProject
Project("{9A19103F-16F7-4668-BE54-9A1E7A4F7556}") = "M01A05A", "M01A5\M01A05A.csproj", "{14F22A70-CE6F-4EFA-9201-7D688C05E666}"
EndProject
Project("{9A19103F-16F7-4668-BE54-9A1E7A4F7556}") = "M01A05B", "M01A05B\M01A05B.csproj", "{9CEB3834-D0FF-41CE-AF5A-CA733528C094}"
EndProject
Project("{FAE04EC0-301F-11D3-BF4B-00C04F79EFBC}") = "M01A06", "M01A06\M01A06.csproj", "{DD45BFFC-B63C-4841-A46C-A0A61C203CEB}"
EndProject
Project("{FAE04EC0-301F-11D3-BF4B-00C04F79EFBC}") = "M01A07", "M01A07\M01A07.csproj", "{4DB10DA2-FB6B-4AD1-9D1F-18EA67CC7FCA}"
EndProject
Project("{FAE04EC0-301F-11D3-BF4B-00C04F79EFBC}") = "M01A08A", "M01A8\M01A08A.csproj", "{84A5EC47-176B-4A99-880F-A56246691422}"
EndProject
Project("{FAE04EC0-301F-11D3-BF4B-00C04F79EFBC}") = "M01A08B", "M01A08B\M01A08B.csproj", "{6072E5D8-CE59-4117-9B8B-226820560E0B}"
EndProject
Project("{FAE04EC0-301F-11D3-BF4B-00C04F79EFBC}") = "M01A08C", "M01A08C\M01A08C.csproj", "{1EDAAC70-4097-4B74-8BC3-E35115B42617}"
EndProject
Project("{FAE04EC0-301F-11D3-BF4B-00C04F79EFBC}") = "M01A08D", "M01A08D\M01A08D.csproj", "{6D030E4B-A332-4EEB-82EE-FE4D72A6C440}"
EndProject
Project("{FAE04EC0-301F-11D3-BF4B-00C04F79EFBC}") = "M01A08E", "M01A08E\M01A08E.csproj", "{C3F875EF-75C9-4901-99C7-08B250C9B57D}"
EndProject
Project("{FAE04EC0-301F-11D3-BF4B-00C04F79EFBC}") = "M01A08F", "M01A08F\M01A08F.csproj", "{B660F3A5-5517-4809-9198-596D06B413FB}"
EndProject
Project("{FAE04EC0-301F-11D3-BF4B-00C04F79EFBC}") = "M01A09", "M01A09\M01A09.csproj", "{7C02FCAA-5C13-4659-A491-8FDB874D71AC}"
EndProject
Project("{FAE04EC0-301F-11D3-BF4B-00C04F79EFBC}") = "M01A10", "M01A10\M01A10.csproj", "{C106FBE7-FE6C-449F-9DC1-AFFAEF88FF62}"
EndProject
Project("{FAE04EC0-301F-11D3-BF4B-00C04F79EFBC}") = "M01A11A", "M01A11A\M01A11A.csproj", "{269300A5-A46F-4EFC-AF55-190F5C0B5467}"
EndProject
Project("{FAE04EC0-301F-11D3-BF4B-00C04F79EFBC}") = "M01A11B", "M01A11B\M01A11B.csproj", "{AB7D2F05-2B74-4F9F-A653-9E8843132328}"
EndProject
Project("{FAE04EC0-301F-11D3-BF4B-00C04F79EFBC}") = "M01A12A", "M01A12A\M01A12A.csproj", "{C23DD79E-0F6A-441A-84D3-4EA779F1C93D}"
EndProject
Project("{FAE04EC0-301F-11D3-BF4B-00C04F79EFBC}") = "M01A12B", "M01A12B\M01A12B.csproj", "{B53034EE-E3C6-4DE5-9BE0-EAC17B11E222}"
EndProject
Project("{FAE04EC0-301F-11D3-BF4B-00C04F79EFBC}") = "M01A12C", "M01A12C\M01A12C.csproj", "{0D69C936-B730-479D-9D2D-E619CE9BA1E4}"
EndProject
Project("{FAE04EC0-301F-11D3-BF4B-00C04F79EFBC}") = "M01A13A", "M01A13A\M01A13A.csproj", "{F35C6BC4-75C2-4196-8DA9-B365C1E093F4}"
EndProject
Global
	GlobalSection(SolutionConfigurationPlatforms) = preSolution
		Debug|Any CPU = Debug|Any CPU
		Release|Any CPU = Release|Any CPU
	EndGlobalSection
	GlobalSection(ProjectConfigurationPlatforms) = postSolution
		{5066D7B7-374F-4C36-B051-00FC24C354F0}.Debug|Any CPU.ActiveCfg = Debug|Any CPU
		{5066D7B7-374F-4C36-B051-00FC24C354F0}.Debug|Any CPU.Build.0 = Debug|Any CPU
		{5066D7B7-374F-4C36-B051-00FC24C354F0}.Release|Any CPU.ActiveCfg = Release|Any CPU
		{5066D7B7-374F-4C36-B051-00FC24C354F0}.Release|Any CPU.Build.0 = Release|Any CPU
		{EB0EA311-4D5B-4A98-BB4D-6A8818636650}.Debug|Any CPU.ActiveCfg = Debug|Any CPU
		{EB0EA311-4D5B-4A98-BB4D-6A8818636650}.Debug|Any CPU.Build.0 = Debug|Any CPU
		{EB0EA311-4D5B-4A98-BB4D-6A8818636650}.Release|Any CPU.ActiveCfg = Release|Any CPU
		{EB0EA311-4D5B-4A98-BB4D-6A8818636650}.Release|Any CPU.Build.0 = Release|Any CPU
		{5C8E2306-7081-4D0E-8998-4D5A6B29D5FF}.Debug|Any CPU.ActiveCfg = Debug|Any CPU
		{5C8E2306-7081-4D0E-8998-4D5A6B29D5FF}.Debug|Any CPU.Build.0 = Debug|Any CPU
		{5C8E2306-7081-4D0E-8998-4D5A6B29D5FF}.Release|Any CPU.ActiveCfg = Release|Any CPU
		{5C8E2306-7081-4D0E-8998-4D5A6B29D5FF}.Release|Any CPU.Build.0 = Release|Any CPU
		{A1AA2F12-8CE1-4D2C-8E31-4EEE2BCEBAAA}.Debug|Any CPU.ActiveCfg = Debug|Any CPU
		{A1AA2F12-8CE1-4D2C-8E31-4EEE2BCEBAAA}.Debug|Any CPU.Build.0 = Debug|Any CPU
		{A1AA2F12-8CE1-4D2C-8E31-4EEE2BCEBAAA}.Release|Any CPU.ActiveCfg = Release|Any CPU
		{A1AA2F12-8CE1-4D2C-8E31-4EEE2BCEBAAA}.Release|Any CPU.Build.0 = Release|Any CPU
		{E157009C-BEB5-4D68-BF14-D37BEAA7A7F8}.Debug|Any CPU.ActiveCfg = Debug|Any CPU
		{E157009C-BEB5-4D68-BF14-D37BEAA7A7F8}.Debug|Any CPU.Build.0 = Debug|Any CPU
		{E157009C-BEB5-4D68-BF14-D37BEAA7A7F8}.Release|Any CPU.ActiveCfg = Release|Any CPU
		{E157009C-BEB5-4D68-BF14-D37BEAA7A7F8}.Release|Any CPU.Build.0 = Release|Any CPU
		{AE2D9F4F-C280-46E1-89DC-AFD75D823E57}.Debug|Any CPU.ActiveCfg = Debug|Any CPU
		{AE2D9F4F-C280-46E1-89DC-AFD75D823E57}.Debug|Any CPU.Build.0 = Debug|Any CPU
		{AE2D9F4F-C280-46E1-89DC-AFD75D823E57}.Release|Any CPU.ActiveCfg = Release|Any CPU
		{AE2D9F4F-C280-46E1-89DC-AFD75D823E57}.Release|Any CPU.Build.0 = Release|Any CPU
		{AD9736A9-54C0-4274-BDA4-3DCAFC9C4961}.Debug|Any CPU.ActiveCfg = Debug|Any CPU
		{AD9736A9-54C0-4274-BDA4-3DCAFC9C4961}.Debug|Any CPU.Build.0 = Debug|Any CPU
		{AD9736A9-54C0-4274-BDA4-3DCAFC9C4961}.Release|Any CPU.ActiveCfg = Release|Any CPU
		{AD9736A9-54C0-4274-BDA4-3DCAFC9C4961}.Release|Any CPU.Build.0 = Release|Any CPU
		{14F22A70-CE6F-4EFA-9201-7D688C05E666}.Debug|Any CPU.ActiveCfg = Debug|Any CPU
		{14F22A70-CE6F-4EFA-9201-7D688C05E666}.Debug|Any CPU.Build.0 = Debug|Any CPU
		{14F22A70-CE6F-4EFA-9201-7D688C05E666}.Release|Any CPU.ActiveCfg = Release|Any CPU
		{14F22A70-CE6F-4EFA-9201-7D688C05E666}.Release|Any CPU.Build.0 = Release|Any CPU
		{9CEB3834-D0FF-41CE-AF5A-CA733528C094}.Debug|Any CPU.ActiveCfg = Debug|Any CPU
		{9CEB3834-D0FF-41CE-AF5A-CA733528C094}.Debug|Any CPU.Build.0 = Debug|Any CPU
		{9CEB3834-D0FF-41CE-AF5A-CA733528C094}.Release|Any CPU.ActiveCfg = Release|Any CPU
		{9CEB3834-D0FF-41CE-AF5A-CA733528C094}.Release|Any CPU.Build.0 = Release|Any CPU
		{DD45BFFC-B63C-4841-A46C-A0A61C203CEB}.Debug|Any CPU.ActiveCfg = Debug|Any CPU
		{DD45BFFC-B63C-4841-A46C-A0A61C203CEB}.Debug|Any CPU.Build.0 = Debug|Any CPU
		{DD45BFFC-B63C-4841-A46C-A0A61C203CEB}.Release|Any CPU.ActiveCfg = Release|Any CPU
		{DD45BFFC-B63C-4841-A46C-A0A61C203CEB}.Release|Any CPU.Build.0 = Release|Any CPU
		{4DB10DA2-FB6B-4AD1-9D1F-18EA67CC7FCA}.Debug|Any CPU.ActiveCfg = Debug|Any CPU
		{4DB10DA2-FB6B-4AD1-9D1F-18EA67CC7FCA}.Debug|Any CPU.Build.0 = Debug|Any CPU
		{4DB10DA2-FB6B-4AD1-9D1F-18EA67CC7FCA}.Release|Any CPU.ActiveCfg = Release|Any CPU
		{4DB10DA2-FB6B-4AD1-9D1F-18EA67CC7FCA}.Release|Any CPU.Build.0 = Release|Any CPU
		{84A5EC47-176B-4A99-880F-A56246691422}.Debug|Any CPU.ActiveCfg = Debug|Any CPU
		{84A5EC47-176B-4A99-880F-A56246691422}.Debug|Any CPU.Build.0 = Debug|Any CPU
		{84A5EC47-176B-4A99-880F-A56246691422}.Release|Any CPU.ActiveCfg = Release|Any CPU
		{84A5EC47-176B-4A99-880F-A56246691422}.Release|Any CPU.Build.0 = Release|Any CPU
		{6072E5D8-CE59-4117-9B8B-226820560E0B}.Debug|Any CPU.ActiveCfg = Debug|Any CPU
		{6072E5D8-CE59-4117-9B8B-226820560E0B}.Debug|Any CPU.Build.0 = Debug|Any CPU
		{6072E5D8-CE59-4117-9B8B-226820560E0B}.Release|Any CPU.ActiveCfg = Release|Any CPU
		{6072E5D8-CE59-4117-9B8B-226820560E0B}.Release|Any CPU.Build.0 = Release|Any CPU
		{1EDAAC70-4097-4B74-8BC3-E35115B42617}.Debug|Any CPU.ActiveCfg = Debug|Any CPU
		{1EDAAC70-4097-4B74-8BC3-E35115B42617}.Debug|Any CPU.Build.0 = Debug|Any CPU
		{1EDAAC70-4097-4B74-8BC3-E35115B42617}.Release|Any CPU.ActiveCfg = Release|Any CPU
		{1EDAAC70-4097-4B74-8BC3-E35115B42617}.Release|Any CPU.Build.0 = Release|Any CPU
		{6D030E4B-A332-4EEB-82EE-FE4D72A6C440}.Debug|Any CPU.ActiveCfg = Debug|Any CPU
		{6D030E4B-A332-4EEB-82EE-FE4D72A6C440}.Debug|Any CPU.Build.0 = Debug|Any CPU
		{6D030E4B-A332-4EEB-82EE-FE4D72A6C440}.Release|Any CPU.ActiveCfg = Release|Any CPU
		{6D030E4B-A332-4EEB-82EE-FE4D72A6C440}.Release|Any CPU.Build.0 = Release|Any CPU
		{C3F875EF-75C9-4901-99C7-08B250C9B57D}.Debug|Any CPU.ActiveCfg = Debug|Any CPU
		{C3F875EF-75C9-4901-99C7-08B250C9B57D}.Debug|Any CPU.Build.0 = Debug|Any CPU
		{C3F875EF-75C9-4901-99C7-08B250C9B57D}.Release|Any CPU.ActiveCfg = Release|Any CPU
		{C3F875EF-75C9-4901-99C7-08B250C9B57D}.Release|Any CPU.Build.0 = Release|Any CPU
		{B660F3A5-5517-4809-9198-596D06B413FB}.Debug|Any CPU.ActiveCfg = Debug|Any CPU
		{B660F3A5-5517-4809-9198-596D06B413FB}.Debug|Any CPU.Build.0 = Debug|Any CPU
		{B660F3A5-5517-4809-9198-596D06B413FB}.Release|Any CPU.ActiveCfg = Release|Any CPU
		{B660F3A5-5517-4809-9198-596D06B413FB}.Release|Any CPU.Build.0 = Release|Any CPU
		{7C02FCAA-5C13-4659-A491-8FDB874D71AC}.Debug|Any CPU.ActiveCfg = Debug|Any CPU
		{7C02FCAA-5C13-4659-A491-8FDB874D71AC}.Debug|Any CPU.Build.0 = Debug|Any CPU
		{7C02FCAA-5C13-4659-A491-8FDB874D71AC}.Release|Any CPU.ActiveCfg = Release|Any CPU
		{7C02FCAA-5C13-4659-A491-8FDB874D71AC}.Release|Any CPU.Build.0 = Release|Any CPU
		{C106FBE7-FE6C-449F-9DC1-AFFAEF88FF62}.Debug|Any CPU.ActiveCfg = Debug|Any CPU
		{C106FBE7-FE6C-449F-9DC1-AFFAEF88FF62}.Debug|Any CPU.Build.0 = Debug|Any CPU
		{C106FBE7-FE6C-449F-9DC1-AFFAEF88FF62}.Release|Any CPU.ActiveCfg = Release|Any CPU
		{C106FBE7-FE6C-449F-9DC1-AFFAEF88FF62}.Release|Any CPU.Build.0 = Release|Any CPU
		{269300A5-A46F-4EFC-AF55-190F5C0B5467}.Debug|Any CPU.ActiveCfg = Debug|Any CPU
		{269300A5-A46F-4EFC-AF55-190F5C0B5467}.Debug|Any CPU.Build.0 = Debug|Any CPU
		{269300A5-A46F-4EFC-AF55-190F5C0B5467}.Release|Any CPU.ActiveCfg = Release|Any CPU
		{269300A5-A46F-4EFC-AF55-190F5C0B5467}.Release|Any CPU.Build.0 = Release|Any CPU
		{AB7D2F05-2B74-4F9F-A653-9E8843132328}.Debug|Any CPU.ActiveCfg = Debug|Any CPU
		{AB7D2F05-2B74-4F9F-A653-9E8843132328}.Debug|Any CPU.Build.0 = Debug|Any CPU
		{AB7D2F05-2B74-4F9F-A653-9E8843132328}.Release|Any CPU.ActiveCfg = Release|Any CPU
		{AB7D2F05-2B74-4F9F-A653-9E8843132328}.Release|Any CPU.Build.0 = Release|Any CPU
		{C23DD79E-0F6A-441A-84D3-4EA779F1C93D}.Debug|Any CPU.ActiveCfg = Debug|Any CPU
		{C23DD79E-0F6A-441A-84D3-4EA779F1C93D}.Debug|Any CPU.Build.0 = Debug|Any CPU
		{C23DD79E-0F6A-441A-84D3-4EA779F1C93D}.Release|Any CPU.ActiveCfg = Release|Any CPU
		{C23DD79E-0F6A-441A-84D3-4EA779F1C93D}.Release|Any CPU.Build.0 = Release|Any CPU
		{B53034EE-E3C6-4DE5-9BE0-EAC17B11E222}.Debug|Any CPU.ActiveCfg = Debug|Any CPU
		{B53034EE-E3C6-4DE5-9BE0-EAC17B11E222}.Debug|Any CPU.Build.0 = Debug|Any CPU
		{B53034EE-E3C6-4DE5-9BE0-EAC17B11E222}.Release|Any CPU.ActiveCfg = Release|Any CPU
		{B53034EE-E3C6-4DE5-9BE0-EAC17B11E222}.Release|Any CPU.Build.0 = Release|Any CPU
		{0D69C936-B730-479D-9D2D-E619CE9BA1E4}.Debug|Any CPU.ActiveCfg = Debug|Any CPU
		{0D69C936-B730-479D-9D2D-E619CE9BA1E4}.Debug|Any CPU.Build.0 = Debug|Any CPU
		{0D69C936-B730-479D-9D2D-E619CE9BA1E4}.Release|Any CPU.ActiveCfg = Release|Any CPU
		{0D69C936-B730-479D-9D2D-E619CE9BA1E4}.Release|Any CPU.Build.0 = Release|Any CPU
		{F35C6BC4-75C2-4196-8DA9-B365C1E093F4}.Debug|Any CPU.ActiveCfg = Debug|Any CPU
		{F35C6BC4-75C2-4196-8DA9-B365C1E093F4}.Debug|Any CPU.Build.0 = Debug|Any CPU
		{F35C6BC4-75C2-4196-8DA9-B365C1E093F4}.Release|Any CPU.ActiveCfg = Release|Any CPU
		{F35C6BC4-75C2-4196-8DA9-B365C1E093F4}.Release|Any CPU.Build.0 = Release|Any CPU
	EndGlobalSection
	GlobalSection(SolutionProperties) = preSolution
		HideSolutionNode = FALSE
	EndGlobalSection
	GlobalSection(ExtensibilityGlobals) = postSolution
		SolutionGuid = {194A4BF6-EE59-4646-BB42-63F4E054F676}
	EndGlobalSection
EndGlobal
