
Microsoft Visual Studio Solution File, Format Version 12.00
# Visual Studio Version 17
VisualStudioVersion = 17.7.34024.191
MinimumVisualStudioVersion = 10.0.40219.1
Project("{9A19103F-16F7-4668-BE54-9A1E7A4F7556}") = "M02EX001", "M02EX001\M02EX001.csproj", "{D8137425-492B-4B2B-9C6C-A67EE03C4D53}"
EndProject
Project("{9A19103F-16F7-4668-BE54-9A1E7A4F7556}") = "M02EX002", "M02EX002\M02EX002.csproj", "{AADA54CD-A0A1-4D63-9E0E-2A0E5B7510C4}"
EndProject
Project("{9A19103F-16F7-4668-BE54-9A1E7A4F7556}") = "M02EX003", "M02EX003\M02EX003.csproj", "{4F071099-B138-470D-87A5-940B2D4CBBEA}"
EndProject
Project("{9A19103F-16F7-4668-BE54-9A1E7A4F7556}") = "M02EX004", "M02EX004\M02EX004.csproj", "{8EBA494D-8450-44EE-B2F6-1E73B68B669D}"
EndProject
Project("{9A19103F-16F7-4668-BE54-9A1E7A4F7556}") = "M02EX005", "M02EX005\M02EX005.csproj", "{846EDCB9-5A0D-441E-B9CB-7CAEDEB18761}"
EndProject
Project("{9A19103F-16F7-4668-BE54-9A1E7A4F7556}") = "M02EX006", "M02EX006\M02EX006.csproj", "{F5EDFDFB-9A1D-4D6C-94C4-0E82994A68D3}"
EndProject
Project("{9A19103F-16F7-4668-BE54-9A1E7A4F7556}") = "M02EX007", "M02EX007\M02EX007.csproj", "{70CE315F-F00A-464A-A327-77265C436C02}"
EndProject
Project("{9A19103F-16F7-4668-BE54-9A1E7A4F7556}") = "M02EX008", "M02EX008\M02EX008.csproj", "{884CEB0B-3082-49FC-862D-2C923B10A5A0}"
EndProject
Project("{FAE04EC0-301F-11D3-BF4B-00C04F79EFBC}") = "M02EX009", "M02EX009\M02EX009.csproj", "{2C94DA85-3A84-469C-BB48-610D9CDB4CE7}"
EndProject
Project("{FAE04EC0-301F-11D3-BF4B-00C04F79EFBC}") = "M02EX010", "M02EX010\M02EX010.csproj", "{5225A30B-CCFA-4E3F-A274-5F8FE223B5C9}"
EndProject
Global
	GlobalSection(SolutionConfigurationPlatforms) = preSolution
		Debug|Any CPU = Debug|Any CPU
		Release|Any CPU = Release|Any CPU
	EndGlobalSection
	GlobalSection(ProjectConfigurationPlatforms) = postSolution
		{D8137425-492B-4B2B-9C6C-A67EE03C4D53}.Debug|Any CPU.ActiveCfg = Debug|Any CPU
		{D8137425-492B-4B2B-9C6C-A67EE03C4D53}.Debug|Any CPU.Build.0 = Debug|Any CPU
		{D8137425-492B-4B2B-9C6C-A67EE03C4D53}.Release|Any CPU.ActiveCfg = Release|Any CPU
		{D8137425-492B-4B2B-9C6C-A67EE03C4D53}.Release|Any CPU.Build.0 = Release|Any CPU
		{AADA54CD-A0A1-4D63-9E0E-2A0E5B7510C4}.Debug|Any CPU.ActiveCfg = Debug|Any CPU
		{AADA54CD-A0A1-4D63-9E0E-2A0E5B7510C4}.Debug|Any CPU.Build.0 = Debug|Any CPU
		{AADA54CD-A0A1-4D63-9E0E-2A0E5B7510C4}.Release|Any CPU.ActiveCfg = Release|Any CPU
		{AADA54CD-A0A1-4D63-9E0E-2A0E5B7510C4}.Release|Any CPU.Build.0 = Release|Any CPU
		{4F071099-B138-470D-87A5-940B2D4CBBEA}.Debug|Any CPU.ActiveCfg = Debug|Any CPU
		{4F071099-B138-470D-87A5-940B2D4CBBEA}.Debug|Any CPU.Build.0 = Debug|Any CPU
		{4F071099-B138-470D-87A5-940B2D4CBBEA}.Release|Any CPU.ActiveCfg = Release|Any CPU
		{4F071099-B138-470D-87A5-940B2D4CBBEA}.Release|Any CPU.Build.0 = Release|Any CPU
		{8EBA494D-8450-44EE-B2F6-1E73B68B669D}.Debug|Any CPU.ActiveCfg = Debug|Any CPU
		{8EBA494D-8450-44EE-B2F6-1E73B68B669D}.Debug|Any CPU.Build.0 = Debug|Any CPU
		{8EBA494D-8450-44EE-B2F6-1E73B68B669D}.Release|Any CPU.ActiveCfg = Release|Any CPU
		{8EBA494D-8450-44EE-B2F6-1E73B68B669D}.Release|Any CPU.Build.0 = Release|Any CPU
		{846EDCB9-5A0D-441E-B9CB-7CAEDEB18761}.Debug|Any CPU.ActiveCfg = Debug|Any CPU
		{846EDCB9-5A0D-441E-B9CB-7CAEDEB18761}.Debug|Any CPU.Build.0 = Debug|Any CPU
		{846EDCB9-5A0D-441E-B9CB-7CAEDEB18761}.Release|Any CPU.ActiveCfg = Release|Any CPU
		{846EDCB9-5A0D-441E-B9CB-7CAEDEB18761}.Release|Any CPU.Build.0 = Release|Any CPU
		{F5EDFDFB-9A1D-4D6C-94C4-0E82994A68D3}.Debug|Any CPU.ActiveCfg = Debug|Any CPU
		{F5EDFDFB-9A1D-4D6C-94C4-0E82994A68D3}.Debug|Any CPU.Build.0 = Debug|Any CPU
		{F5EDFDFB-9A1D-4D6C-94C4-0E82994A68D3}.Release|Any CPU.ActiveCfg = Release|Any CPU
		{F5EDFDFB-9A1D-4D6C-94C4-0E82994A68D3}.Release|Any CPU.Build.0 = Release|Any CPU
		{70CE315F-F00A-464A-A327-77265C436C02}.Debug|Any CPU.ActiveCfg = Debug|Any CPU
		{70CE315F-F00A-464A-A327-77265C436C02}.Debug|Any CPU.Build.0 = Debug|Any CPU
		{70CE315F-F00A-464A-A327-77265C436C02}.Release|Any CPU.ActiveCfg = Release|Any CPU
		{70CE315F-F00A-464A-A327-77265C436C02}.Release|Any CPU.Build.0 = Release|Any CPU
		{884CEB0B-3082-49FC-862D-2C923B10A5A0}.Debug|Any CPU.ActiveCfg = Debug|Any CPU
		{884CEB0B-3082-49FC-862D-2C923B10A5A0}.Debug|Any CPU.Build.0 = Debug|Any CPU
		{884CEB0B-3082-49FC-862D-2C923B10A5A0}.Release|Any CPU.ActiveCfg = Release|Any CPU
		{884CEB0B-3082-49FC-862D-2C923B10A5A0}.Release|Any CPU.Build.0 = Release|Any CPU
		{2C94DA85-3A84-469C-BB48-610D9CDB4CE7}.Debug|Any CPU.ActiveCfg = Debug|Any CPU
		{2C94DA85-3A84-469C-BB48-610D9CDB4CE7}.Debug|Any CPU.Build.0 = Debug|Any CPU
		{2C94DA85-3A84-469C-BB48-610D9CDB4CE7}.Release|Any CPU.ActiveCfg = Release|Any CPU
		{2C94DA85-3A84-469C-BB48-610D9CDB4CE7}.Release|Any CPU.Build.0 = Release|Any CPU
		{5225A30B-CCFA-4E3F-A274-5F8FE223B5C9}.Debug|Any CPU.ActiveCfg = Debug|Any CPU
		{5225A30B-CCFA-4E3F-A274-5F8FE223B5C9}.Debug|Any CPU.Build.0 = Debug|Any CPU
		{5225A30B-CCFA-4E3F-A274-5F8FE223B5C9}.Release|Any CPU.ActiveCfg = Release|Any CPU
		{5225A30B-CCFA-4E3F-A274-5F8FE223B5C9}.Release|Any CPU.Build.0 = Release|Any CPU
	EndGlobalSection
	GlobalSection(SolutionProperties) = preSolution
		HideSolutionNode = FALSE
	EndGlobalSection
	GlobalSection(ExtensibilityGlobals) = postSolution
		SolutionGuid = {60F3A4C9-DB82-4233-B743-9031BBF25B1B}
	EndGlobalSection
EndGlobal
